
Microsoft Visual Studio Solution File, Format Version 12.00
# Visual Studio Version 17
VisualStudioVersion = 17.10.34707.107
MinimumVisualStudioVersion = 10.0.40219.1
Project("{FAE04EC0-301F-11D3-BF4B-00C04F79EFBC}") = "BancoFila", "BancoFila\BancoFila.csproj", "{71F685BB-6A20-4571-8F96-3513C532BA29}"
EndProject
Global
	GlobalSection(SolutionConfigurationPlatforms) = preSolution
		Debug|Any CPU = Debug|Any CPU
		Release|Any CPU = Release|Any CPU
	EndGlobalSection
	GlobalSection(ProjectConfigurationPlatforms) = postSolution
		{71F685BB-6A20-4571-8F96-3513C532BA29}.Debug|Any CPU.ActiveCfg = Debug|Any CPU
		{71F685BB-6A20-4571-8F96-3513C532BA29}.Debug|Any CPU.Build.0 = Debug|Any CPU
		{71F685BB-6A20-4571-8F96-3513C532BA29}.Release|Any CPU.ActiveCfg = Release|Any CPU
		{71F685BB-6A20-4571-8F96-3513C532BA29}.Release|Any CPU.Build.0 = Release|Any CPU
	EndGlobalSection
	GlobalSection(SolutionProperties) = preSolution
		HideSolutionNode = FALSE
	EndGlobalSection
	GlobalSection(ExtensibilityGlobals) = postSolution
		SolutionGuid = {EA2A455C-1256-4762-9310-C769EAA6B026}
	EndGlobalSection
EndGlobal
